using System;
using System.Collections.Generic;
using System.Linq;
using System.Text;
using System.Threading.Tasks;

namespace ConsoleApp1
{
    internal class Program
    {
        static void Main(string[] args)
        {
            Console.Write("Enter your name: ");
            string name = Console.ReadLine();
            Console.Write("Enter the number of your enrolled courses: ");
            int subj = Convert.ToInt32(Console.ReadLine());
            Console.Write("Enter the price of your favorite book: ");
            double book = Convert.ToDouble(Console.ReadLine());
            Console.WriteLine("Name: " + name);
            Console.WriteLine("Total Enrolled Courses: " + subj);
            Console.WriteLine("Price of my Favorite book: " + book);
            Console.ReadKey();
        }
    }
